
Microsoft Visual Studio Solution File, Format Version 12.00
# Visual Studio 15
VisualStudioVersion = 15.0.26124.0
MinimumVisualStudioVersion = 15.0.26124.0
Project("{2150E333-8FDC-42A3-9474-1A3956D46DE8}") = "src", "src", "{876C937D-6906-467E-AE7C-DB10BB13A8EA}"
EndProject
Project("{F2A71F9B-5D33-465A-A702-920D77279786}") = "Analyzer", "src\Analyzer\Analyzer.fsproj", "{E5540A82-51CC-4CA8-A9D5-3461C4F1BC3C}"
EndProject
Project("{F2A71F9B-5D33-465A-A702-920D77279786}") = "AST", "src\AST\AST.fsproj", "{07923163-24E0-4FDB-A894-D172196344C5}"
EndProject
Project("{F2A71F9B-5D33-465A-A702-920D77279786}") = "Common", "src\Common\Common.fsproj", "{E12BB09B-F4C5-4599-9C04-915C7F6EA813}"
EndProject
Project("{F2A71F9B-5D33-465A-A702-920D77279786}") = "Fuzzer", "src\Fuzzer\Fuzzer.fsproj", "{1D96DC1B-6302-48B1-B7DB-52A7EFCAF36B}"
EndProject
Project("{F2A71F9B-5D33-465A-A702-920D77279786}") = "Main", "src\Main\Main.fsproj", "{6EA0AE33-5B5E-4316-8403-6067593C139B}"
EndProject
Global
	GlobalSection(SolutionConfigurationPlatforms) = preSolution
		Debug|Any CPU = Debug|Any CPU
		Debug|x64 = Debug|x64
		Debug|x86 = Debug|x86
		Release|Any CPU = Release|Any CPU
		Release|x64 = Release|x64
		Release|x86 = Release|x86
	EndGlobalSection
	GlobalSection(SolutionProperties) = preSolution
		HideSolutionNode = FALSE
	EndGlobalSection
	GlobalSection(ProjectConfigurationPlatforms) = postSolution
		{E5540A82-51CC-4CA8-A9D5-3461C4F1BC3C}.Debug|Any CPU.ActiveCfg = Debug|Any CPU
		{E5540A82-51CC-4CA8-A9D5-3461C4F1BC3C}.Debug|Any CPU.Build.0 = Debug|Any CPU
		{E5540A82-51CC-4CA8-A9D5-3461C4F1BC3C}.Debug|x64.ActiveCfg = Debug|Any CPU
		{E5540A82-51CC-4CA8-A9D5-3461C4F1BC3C}.Debug|x64.Build.0 = Debug|Any CPU
		{E5540A82-51CC-4CA8-A9D5-3461C4F1BC3C}.Debug|x86.ActiveCfg = Debug|Any CPU
		{E5540A82-51CC-4CA8-A9D5-3461C4F1BC3C}.Debug|x86.Build.0 = Debug|Any CPU
		{E5540A82-51CC-4CA8-A9D5-3461C4F1BC3C}.Release|Any CPU.ActiveCfg = Release|Any CPU
		{E5540A82-51CC-4CA8-A9D5-3461C4F1BC3C}.Release|Any CPU.Build.0 = Release|Any CPU
		{E5540A82-51CC-4CA8-A9D5-3461C4F1BC3C}.Release|x64.ActiveCfg = Release|Any CPU
		{E5540A82-51CC-4CA8-A9D5-3461C4F1BC3C}.Release|x64.Build.0 = Release|Any CPU
		{E5540A82-51CC-4CA8-A9D5-3461C4F1BC3C}.Release|x86.ActiveCfg = Release|Any CPU
		{E5540A82-51CC-4CA8-A9D5-3461C4F1BC3C}.Release|x86.Build.0 = Release|Any CPU
		{07923163-24E0-4FDB-A894-D172196344C5}.Debug|Any CPU.ActiveCfg = Debug|Any CPU
		{07923163-24E0-4FDB-A894-D172196344C5}.Debug|Any CPU.Build.0 = Debug|Any CPU
		{07923163-24E0-4FDB-A894-D172196344C5}.Debug|x64.ActiveCfg = Debug|Any CPU
		{07923163-24E0-4FDB-A894-D172196344C5}.Debug|x64.Build.0 = Debug|Any CPU
		{07923163-24E0-4FDB-A894-D172196344C5}.Debug|x86.ActiveCfg = Debug|Any CPU
		{07923163-24E0-4FDB-A894-D172196344C5}.Debug|x86.Build.0 = Debug|Any CPU
		{07923163-24E0-4FDB-A894-D172196344C5}.Release|Any CPU.ActiveCfg = Release|Any CPU
		{07923163-24E0-4FDB-A894-D172196344C5}.Release|Any CPU.Build.0 = Release|Any CPU
		{07923163-24E0-4FDB-A894-D172196344C5}.Release|x64.ActiveCfg = Release|Any CPU
		{07923163-24E0-4FDB-A894-D172196344C5}.Release|x64.Build.0 = Release|Any CPU
		{07923163-24E0-4FDB-A894-D172196344C5}.Release|x86.ActiveCfg = Release|Any CPU
		{07923163-24E0-4FDB-A894-D172196344C5}.Release|x86.Build.0 = Release|Any CPU
		{E12BB09B-F4C5-4599-9C04-915C7F6EA813}.Debug|Any CPU.ActiveCfg = Debug|Any CPU
		{E12BB09B-F4C5-4599-9C04-915C7F6EA813}.Debug|Any CPU.Build.0 = Debug|Any CPU
		{E12BB09B-F4C5-4599-9C04-915C7F6EA813}.Debug|x64.ActiveCfg = Debug|Any CPU
		{E12BB09B-F4C5-4599-9C04-915C7F6EA813}.Debug|x64.Build.0 = Debug|Any CPU
		{E12BB09B-F4C5-4599-9C04-915C7F6EA813}.Debug|x86.ActiveCfg = Debug|Any CPU
		{E12BB09B-F4C5-4599-9C04-915C7F6EA813}.Debug|x86.Build.0 = Debug|Any CPU
		{E12BB09B-F4C5-4599-9C04-915C7F6EA813}.Release|Any CPU.ActiveCfg = Release|Any CPU
		{E12BB09B-F4C5-4599-9C04-915C7F6EA813}.Release|Any CPU.Build.0 = Release|Any CPU
		{E12BB09B-F4C5-4599-9C04-915C7F6EA813}.Release|x64.ActiveCfg = Release|Any CPU
		{E12BB09B-F4C5-4599-9C04-915C7F6EA813}.Release|x64.Build.0 = Release|Any CPU
		{E12BB09B-F4C5-4599-9C04-915C7F6EA813}.Release|x86.ActiveCfg = Release|Any CPU
		{E12BB09B-F4C5-4599-9C04-915C7F6EA813}.Release|x86.Build.0 = Release|Any CPU
		{1D96DC1B-6302-48B1-B7DB-52A7EFCAF36B}.Debug|Any CPU.ActiveCfg = Debug|Any CPU
		{1D96DC1B-6302-48B1-B7DB-52A7EFCAF36B}.Debug|Any CPU.Build.0 = Debug|Any CPU
		{1D96DC1B-6302-48B1-B7DB-52A7EFCAF36B}.Debug|x64.ActiveCfg = Debug|Any CPU
		{1D96DC1B-6302-48B1-B7DB-52A7EFCAF36B}.Debug|x64.Build.0 = Debug|Any CPU
		{1D96DC1B-6302-48B1-B7DB-52A7EFCAF36B}.Debug|x86.ActiveCfg = Debug|Any CPU
		{1D96DC1B-6302-48B1-B7DB-52A7EFCAF36B}.Debug|x86.Build.0 = Debug|Any CPU
		{1D96DC1B-6302-48B1-B7DB-52A7EFCAF36B}.Release|Any CPU.ActiveCfg = Release|Any CPU
		{1D96DC1B-6302-48B1-B7DB-52A7EFCAF36B}.Release|Any CPU.Build.0 = Release|Any CPU
		{1D96DC1B-6302-48B1-B7DB-52A7EFCAF36B}.Release|x64.ActiveCfg = Release|Any CPU
		{1D96DC1B-6302-48B1-B7DB-52A7EFCAF36B}.Release|x64.Build.0 = Release|Any CPU
		{1D96DC1B-6302-48B1-B7DB-52A7EFCAF36B}.Release|x86.ActiveCfg = Release|Any CPU
		{1D96DC1B-6302-48B1-B7DB-52A7EFCAF36B}.Release|x86.Build.0 = Release|Any CPU
		{6EA0AE33-5B5E-4316-8403-6067593C139B}.Debug|Any CPU.ActiveCfg = Debug|Any CPU
		{6EA0AE33-5B5E-4316-8403-6067593C139B}.Debug|Any CPU.Build.0 = Debug|Any CPU
		{6EA0AE33-5B5E-4316-8403-6067593C139B}.Debug|x64.ActiveCfg = Debug|Any CPU
		{6EA0AE33-5B5E-4316-8403-6067593C139B}.Debug|x64.Build.0 = Debug|Any CPU
		{6EA0AE33-5B5E-4316-8403-6067593C139B}.Debug|x86.ActiveCfg = Debug|Any CPU
		{6EA0AE33-5B5E-4316-8403-6067593C139B}.Debug|x86.Build.0 = Debug|Any CPU
		{6EA0AE33-5B5E-4316-8403-6067593C139B}.Release|Any CPU.ActiveCfg = Release|Any CPU
		{6EA0AE33-5B5E-4316-8403-6067593C139B}.Release|Any CPU.Build.0 = Release|Any CPU
		{6EA0AE33-5B5E-4316-8403-6067593C139B}.Release|x64.ActiveCfg = Release|Any CPU
		{6EA0AE33-5B5E-4316-8403-6067593C139B}.Release|x64.Build.0 = Release|Any CPU
		{6EA0AE33-5B5E-4316-8403-6067593C139B}.Release|x86.ActiveCfg = Release|Any CPU
		{6EA0AE33-5B5E-4316-8403-6067593C139B}.Release|x86.Build.0 = Release|Any CPU
	EndGlobalSection
	GlobalSection(NestedProjects) = preSolution
		{E5540A82-51CC-4CA8-A9D5-3461C4F1BC3C} = {876C937D-6906-467E-AE7C-DB10BB13A8EA}
		{07923163-24E0-4FDB-A894-D172196344C5} = {876C937D-6906-467E-AE7C-DB10BB13A8EA}
		{E12BB09B-F4C5-4599-9C04-915C7F6EA813} = {876C937D-6906-467E-AE7C-DB10BB13A8EA}
		{1D96DC1B-6302-48B1-B7DB-52A7EFCAF36B} = {876C937D-6906-467E-AE7C-DB10BB13A8EA}
		{6EA0AE33-5B5E-4316-8403-6067593C139B} = {876C937D-6906-467E-AE7C-DB10BB13A8EA}
	EndGlobalSection
EndGlobal
